{
  "name": "test-123",
  "version": "1.0.0",
  "lockfileVersion": 2,
  "requires": true,
  "packages": {
    "": {
      "version": "1.0.0",
      "license": "ISC",
      "dependencies": {
        "systeminformation": "^4.30.1"
      }
    },
    "node_modules/systeminformation": {
      "version": "4.30.1",
      "resolved": "https://registry.npmjs.org/systeminformation/-/systeminformation-4.30.1.tgz",
      "integrity": "sha512-FrZISqs8G/oZfnzodPU/zCk41JIfa0os2WY6CJKuk9FwIVc9UWMJfRlgP307AkFu8IRjuVI/HiCNiP4dAnURTA==",
      "os": [
        "darwin",
        "linux",
        "win32",
        "freebsd",
        "openbsd",
        "netbsd",
        "sunos"
      ],
      "bin": {
        "systeminformation": "lib/cli.js"
      },
      "engines": {
        "node": ">=4.0.0"
      },
      "funding": {
        "type": "Buy me a coffee",
        "url": "https://www.buymeacoffee.com/systeminfo"
      }
    }
  },
  "dependencies": {
    "systeminformation": {
      "version": "4.30.1",
      "resolved": "https://registry.npmjs.org/systeminformation/-/systeminformation-4.30.1.tgz",
      "integrity": "sha512-FrZISqs8G/oZfnzodPU/zCk41JIfa0os2WY6CJKuk9FwIVc9UWMJfRlgP307AkFu8IRjuVI/HiCNiP4dAnURTA=="
    }
  }
}
