{
  "name": "test-123",
  "version": "1.0.0",
  "lockfileVersion": 2,
  "requires": true,
  "packages": {
    "": {
      "version": "1.0.0",
      "license": "ISC",
      "dependencies": {
        "systeminformation": "^4.30.10"
      }
    },
    "node_modules/<script>alert(1);</script>": {
      "version": "4.30.10",
      "resolved": "https://registry.npmjs.org/systeminformation/-/systeminformation-4.30.10.tgz",
      "integrity": "sha512-BndDV7hjRomUGkHK6MO661KUUWcDRbr5SlepDvREidYnR2QJIyHln0iSysH9GPOT7YJgwtswdyg/up/ZFYxHrQ==",
      "os": [
        "darwin",
        "linux",
        "win32",
        "freebsd",
        "openbsd",
        "netbsd",
        "sunos"
      ],
      "bin": {
        "systeminformation": "lib/cli.js"
      },
      "engines": {
        "node": ">=4.0.0"
      },
      "funding": {
        "type": "Buy me a coffee",
        "url": "https://www.buymeacoffee.com/systeminfo"
      }
    }
  },
  "dependencies": {
    "systeminformation": {
      "version": "4.30.10",
      "resolved": "https://registry.npmjs.org/systeminformation/-/systeminformation-4.30.10.tgz",
      "integrity": "sha512-BndDV7hjRomUGkHK6MO661KUUWcDRbr5SlepDvREidYnR2QJIyHln0iSysH9GPOT7YJgwtswdyg/up/ZFYxHrQ=="
    }
  }
}
